# THIS IS AN AUTOGENERATED FILE. DO NOT EDIT THIS FILE DIRECTLY.
# yarn lockfile v1


fp-ts@^2.11.3:
  version "2.11.3"
  resolved "https://registry.yarnpkg.com/fp-ts/-/fp-ts-2.11.3.tgz#e19444da75252e24f40766d1316dc6600f3499df"
  integrity sha512-qHI5iaVSFNFmdl6yDensWfFMk32iafAINCnqx8m486DV1+Jht/bTnA9CyahL+Xm7h2y3erinviVBIAWvv5bPYw==

typescript@^4.4.3:
  version "4.4.3"
  resolved "https://registry.yarnpkg.com/typescript/-/typescript-4.4.3.tgz#bdc5407caa2b109efd4f82fe130656f977a29324"
  integrity sha512-4xfscpisVgqqDfPaJo5vkd+Qd/ItkoagnHpufr+i2QCHBsNYp+G7UAoyFl8aPtx879u38wPV65rZ8qbGZijalA==
